{
  "name": "playtime",
  "version": "0.0.1",
  "lockfileVersion": 3,
  "requires": true,
  "packages": {
    "": {
      "name": "playtime",
      "version": "0.0.1",
      "devDependencies": {
        "@types/vscode": "^1.92.0",
        "typescript": "^5.5.4"
      },
      "engines": {
        "vscode": "^1.92.0"
      }
    },
    "node_modules/@types/vscode": {
      "version": "1.92.0",
      "resolved": "https://registry.npmjs.org/@types/vscode/-/vscode-1.92.0.tgz",
      "integrity": "sha512-DcZoCj17RXlzB4XJ7IfKdPTcTGDLYvTOcTNkvtjXWF+K2TlKzHHkBEXNWQRpBIXixNEUgx39cQeTFunY0E2msw==",
      "dev": true,
      "license": "MIT"
    },
    "node_modules/typescript": {
      "version": "5.5.4",
      "resolved": "https://registry.npmjs.org/typescript/-/typescript-5.5.4.tgz",
      "integrity": "sha512-Mtq29sKDAEYP7aljRgtPOpTvOfbwRWlS6dPRzwjdE+C0R4brX/GUyhHSecbHMFLNBLcJIPt9nl9yG5TZ1weH+Q==",
      "dev": true,
      "license": "Apache-2.0",
      "bin": {
        "tsc": "bin/tsc",
        "tsserver": "bin/tsserver"
      },
      "engines": {
        "node": ">=14.17"
      }
    }
  }
}
